
Microsoft Visual Studio Solution File, Format Version 12.00
# Visual Studio 14
VisualStudioVersion = 14.0.25420.1
MinimumVisualStudioVersion = 10.0.40219.1
Project("{FAE04EC0-301F-11D3-BF4B-00C04F79EFBC}") = "AbstractorWin", "AbstractorWin\AbstractorWin.csproj", "{024AEA0D-144C-4C52-85C5-36B9B939FF2E}"
	ProjectSection(ProjectDependencies) = postProject
		{0313BE2D-6862-42BA-A4B7-7FDD91CFE543} = {0313BE2D-6862-42BA-A4B7-7FDD91CFE543}
	EndProjectSection
EndProject
Project("{8BB2217D-0F2D-49D1-97BC-3654ED321F3B}") = "AbstractorLib", "AbstractorLib\src\AbstractorLib\AbstractorLib.xproj", "{0313BE2D-6862-42BA-A4B7-7FDD91CFE543}"
EndProject
Global
	GlobalSection(SolutionConfigurationPlatforms) = preSolution
		Debug|Any CPU = Debug|Any CPU
		Release|Any CPU = Release|Any CPU
	EndGlobalSection
	GlobalSection(ProjectConfigurationPlatforms) = postSolution
		{024AEA0D-144C-4C52-85C5-36B9B939FF2E}.Debug|Any CPU.ActiveCfg = Debug|Any CPU
		{024AEA0D-144C-4C52-85C5-36B9B939FF2E}.Debug|Any CPU.Build.0 = Debug|Any CPU
		{024AEA0D-144C-4C52-85C5-36B9B939FF2E}.Release|Any CPU.ActiveCfg = Release|Any CPU
		{024AEA0D-144C-4C52-85C5-36B9B939FF2E}.Release|Any CPU.Build.0 = Release|Any CPU
		{0313BE2D-6862-42BA-A4B7-7FDD91CFE543}.Debug|Any CPU.ActiveCfg = Debug|Any CPU
		{0313BE2D-6862-42BA-A4B7-7FDD91CFE543}.Debug|Any CPU.Build.0 = Debug|Any CPU
		{0313BE2D-6862-42BA-A4B7-7FDD91CFE543}.Release|Any CPU.ActiveCfg = Release|Any CPU
		{0313BE2D-6862-42BA-A4B7-7FDD91CFE543}.Release|Any CPU.Build.0 = Release|Any CPU
	EndGlobalSection
	GlobalSection(SolutionProperties) = preSolution
		HideSolutionNode = FALSE
	EndGlobalSection
EndGlobal
